
Microsoft Visual Studio Solution File, Format Version 12.00
# Visual Studio Version 17
VisualStudioVersion = 17.7.34024.191
MinimumVisualStudioVersion = 10.0.40219.1
Project("{FAE04EC0-301F-11D3-BF4B-00C04F79EFBC}") = "Lesson5Random", "Lesson5Random.csproj", "{CC16C8C2-7104-4211-A36C-C0B01D42F6D4}"
EndProject
Global
	GlobalSection(SolutionConfigurationPlatforms) = preSolution
		Debug|Any CPU = Debug|Any CPU
		Release|Any CPU = Release|Any CPU
	EndGlobalSection
	GlobalSection(ProjectConfigurationPlatforms) = postSolution
		{CC16C8C2-7104-4211-A36C-C0B01D42F6D4}.Debug|Any CPU.ActiveCfg = Debug|Any CPU
		{CC16C8C2-7104-4211-A36C-C0B01D42F6D4}.Debug|Any CPU.Build.0 = Debug|Any CPU
		{CC16C8C2-7104-4211-A36C-C0B01D42F6D4}.Release|Any CPU.ActiveCfg = Release|Any CPU
		{CC16C8C2-7104-4211-A36C-C0B01D42F6D4}.Release|Any CPU.Build.0 = Release|Any CPU
	EndGlobalSection
	GlobalSection(SolutionProperties) = preSolution
		HideSolutionNode = FALSE
	EndGlobalSection
	GlobalSection(ExtensibilityGlobals) = postSolution
		SolutionGuid = {86A2C5E2-8BE9-4245-8265-841F28696F8D}
	EndGlobalSection
EndGlobal
